
Microsoft Visual Studio Solution File, Format Version 12.00
# Visual Studio 15
VisualStudioVersion = 15.0.26730.10
MinimumVisualStudioVersion = 10.0.40219.1
Project("{2150E333-8FDC-42A3-9474-1A3956D46DE8}") = "src", "src", "{B0518925-D793-4193-8C1D-37AD2E4A2ECE}"
EndProject
Project("{FAE04EC0-301F-11D3-BF4B-00C04F79EFBC}") = "src\NuspecFromGithub", "src\NuspecFromGithub\NuspecFromGithub.csproj", "{005B5AEF-956E-46E8-89EF-534F44A37FD8}"
EndProject
Project("{2150E333-8FDC-42A3-9474-1A3956D46DE8}") = "Solution Items", "Solution Items", "{14154EF5-EB98-42F7-A411-6597813D8EC5}"
	ProjectSection(SolutionItems) = preProject
		.gitignore = .gitignore
		LICENSE = LICENSE
		README.md = README.md
	EndProjectSection
EndProject
Global
	GlobalSection(SolutionConfigurationPlatforms) = preSolution
		Debug|Any CPU = Debug|Any CPU
		Release|Any CPU = Release|Any CPU
	EndGlobalSection
	GlobalSection(ProjectConfigurationPlatforms) = postSolution
		{005B5AEF-956E-46E8-89EF-534F44A37FD8}.Debug|Any CPU.ActiveCfg = Debug|Any CPU
		{005B5AEF-956E-46E8-89EF-534F44A37FD8}.Debug|Any CPU.Build.0 = Debug|Any CPU
		{005B5AEF-956E-46E8-89EF-534F44A37FD8}.Release|Any CPU.ActiveCfg = Release|Any CPU
		{005B5AEF-956E-46E8-89EF-534F44A37FD8}.Release|Any CPU.Build.0 = Release|Any CPU
	EndGlobalSection
	GlobalSection(SolutionProperties) = preSolution
		HideSolutionNode = FALSE
	EndGlobalSection
	GlobalSection(NestedProjects) = preSolution
		{005B5AEF-956E-46E8-89EF-534F44A37FD8} = {B0518925-D793-4193-8C1D-37AD2E4A2ECE}
	EndGlobalSection
	GlobalSection(ExtensibilityGlobals) = postSolution
		SolutionGuid = {1E8979A7-5E11-4E37-A06F-CC528B68B6A0}
	EndGlobalSection
EndGlobal
